
Microsoft Visual Studio Solution File, Format Version 12.00
# Visual Studio 15
VisualStudioVersion = 15.0.27004.2009
MinimumVisualStudioVersion = 10.0.40219.1
Project("{FAE04EC0-301F-11D3-BF4B-00C04F79EFBC}") = "Swagify", "Swagify\Swagify\Swagify.csproj", "{6089B6AA-18AF-4990-A327-D44582655664}"
EndProject
Project("{FAE04EC0-301F-11D3-BF4B-00C04F79EFBC}") = "Swagify.Vsix", "Swagify\Swagify.Vsix\Swagify.Vsix.csproj", "{031CD50E-C0D5-49C1-89BD-AD30DD7231CD}"
EndProject
Global
	GlobalSection(SolutionConfigurationPlatforms) = preSolution
		Debug|Any CPU = Debug|Any CPU
		Release|Any CPU = Release|Any CPU
	EndGlobalSection
	GlobalSection(ProjectConfigurationPlatforms) = postSolution
		{6089B6AA-18AF-4990-A327-D44582655664}.Debug|Any CPU.ActiveCfg = Debug|Any CPU
		{6089B6AA-18AF-4990-A327-D44582655664}.Debug|Any CPU.Build.0 = Debug|Any CPU
		{6089B6AA-18AF-4990-A327-D44582655664}.Release|Any CPU.ActiveCfg = Release|Any CPU
		{6089B6AA-18AF-4990-A327-D44582655664}.Release|Any CPU.Build.0 = Release|Any CPU
		{031CD50E-C0D5-49C1-89BD-AD30DD7231CD}.Debug|Any CPU.ActiveCfg = Debug|Any CPU
		{031CD50E-C0D5-49C1-89BD-AD30DD7231CD}.Debug|Any CPU.Build.0 = Debug|Any CPU
		{031CD50E-C0D5-49C1-89BD-AD30DD7231CD}.Release|Any CPU.ActiveCfg = Release|Any CPU
		{031CD50E-C0D5-49C1-89BD-AD30DD7231CD}.Release|Any CPU.Build.0 = Release|Any CPU
	EndGlobalSection
	GlobalSection(SolutionProperties) = preSolution
		HideSolutionNode = FALSE
	EndGlobalSection
	GlobalSection(ExtensibilityGlobals) = postSolution
		SolutionGuid = {1FB917AB-A642-4A08-89E6-6DFBB409908C}
	EndGlobalSection
EndGlobal
